<Solution>
  <Folder Name="/BuildingBlocks/">
    <Project Path="BuildingBlocks/BuildingBlocks/BuildingBlocks.csproj" Id="65fe06e7-023f-40d6-ad63-4c55314d8436" />
  </Folder>
  <Folder Name="/Services/" />
  <Folder Name="/Services/Basket/">
    <Project Path="Services/Basket/Basket.API/Basket.API.csproj" Id="91e24b1a-ad1a-4541-aaca-34be4a478377" />
  </Folder>
  <Folder Name="/Services/Catalog/">
    <Project Path="Services/Catalog/Catalog.API/Catalog.API.csproj" />
  </Folder>
  <Folder Name="/Services/Discount/">
    <Project Path="Services/Discount/Discount.Grpc/Discount.Grpc.csproj" Id="3bd6c8c3-ddff-4b01-9d39-383a2ab16605" />
  </Folder>
  <Folder Name="/Services/Ordering/">
    <Project Path="Services/Ordering/Ordering.API/Ordering.API.csproj" Id="e789c1d3-1ba2-4dfe-af42-e0a147467542" />
    <Project Path="Services/Ordering/Ordering.Application/Ordering.Application.csproj" Id="e0b1fe71-007e-4705-a89a-7f5924dd3345" />
    <Project Path="Services/Ordering/Ordering.Domain/Ordering.Domain.csproj" Id="c2b589b9-2597-4dbc-b88a-d62a490ee143" />
    <Project Path="Services/Ordering/Ordering.Infrastructure/Ordering.Infrastructure.csproj" Id="1c5857b0-cc68-4a83-9805-0985b9cbcbff" />
  </Folder>
  <Project Path="docker-compose.dcproj">
    <Build />
  </Project>
</Solution>
